
Microsoft Visual Studio Solution File, Format Version 12.00
# Visual Studio Version 17
VisualStudioVersion = 17.5.002.0
MinimumVisualStudioVersion = 10.0.40219.1
Project("{9A19103F-16F7-4668-BE54-9A1E7A4F7556}") = "Skatteberegner", "Skatteberegner.csproj", "{4C404D88-AA2F-4858-B2F4-D41E0381B7ED}"
EndProject
Global
	GlobalSection(SolutionConfigurationPlatforms) = preSolution
		Debug|Any CPU = Debug|Any CPU
		Release|Any CPU = Release|Any CPU
	EndGlobalSection
	GlobalSection(ProjectConfigurationPlatforms) = postSolution
		{4C404D88-AA2F-4858-B2F4-D41E0381B7ED}.Debug|Any CPU.ActiveCfg = Debug|Any CPU
		{4C404D88-AA2F-4858-B2F4-D41E0381B7ED}.Debug|Any CPU.Build.0 = Debug|Any CPU
		{4C404D88-AA2F-4858-B2F4-D41E0381B7ED}.Release|Any CPU.ActiveCfg = Release|Any CPU
		{4C404D88-AA2F-4858-B2F4-D41E0381B7ED}.Release|Any CPU.Build.0 = Release|Any CPU
	EndGlobalSection
	GlobalSection(SolutionProperties) = preSolution
		HideSolutionNode = FALSE
	EndGlobalSection
	GlobalSection(ExtensibilityGlobals) = postSolution
		SolutionGuid = {F136EA9E-1449-4201-85E9-1AC577904F29}
	EndGlobalSection
EndGlobal
